Microsoft Visual Studio Solution File, Format Version 12.00
# Visual Studio Version 17
VisualStudioVersion = 17.13.35825.156
MinimumVisualStudioVersion = 10.0.40219.1
Project("{9A19103F-16F7-4668-BE54-9A1E7A4F7556}") = "MonkeClick.BananaOS", "..\BananaOS\MonkeClick.BananaOS.csproj", "{7E0F3DD4-CFE6-4F43-BD27-415C829E02CA}"
EndProject
Project("{9A19103F-16F7-4668-BE54-9A1E7A4F7556}") = "MonkeClick.GIW", "MonkeClick.GIW.csproj", "{ACE3685D-5A13-4B1B-97CD-5ED2C0A8A5FE}"
EndProject
Global
	GlobalSection(SolutionConfigurationPlatforms) = preSolution
		Debug|Any CPU = Debug|Any CPU
		Release|Any CPU = Release|Any CPU
	EndGlobalSection
	GlobalSection(ProjectConfigurationPlatforms) = postSolution
		{7E0F3DD4-CFE6-4F43-BD27-415C829E02CA}.Debug|Any CPU.ActiveCfg = Debug|Any CPU
		{7E0F3DD4-CFE6-4F43-BD27-415C829E02CA}.Debug|Any CPU.Build.0 = Debug|Any CPU
		{7E0F3DD4-CFE6-4F43-BD27-415C829E02CA}.Release|Any CPU.ActiveCfg = Release|Any CPU
		{7E0F3DD4-CFE6-4F43-BD27-415C829E02CA}.Release|Any CPU.Build.0 = Release|Any CPU
		{ACE3685D-5A13-4B1B-97CD-5ED2C0A8A5FE}.Debug|Any CPU.ActiveCfg = Debug|Any CPU
		{ACE3685D-5A13-4B1B-97CD-5ED2C0A8A5FE}.Debug|Any CPU.Build.0 = Debug|Any CPU
		{ACE3685D-5A13-4B1B-97CD-5ED2C0A8A5FE}.Release|Any CPU.ActiveCfg = Release|Any CPU
		{ACE3685D-5A13-4B1B-97CD-5ED2C0A8A5FE}.Release|Any CPU.Build.0 = Release|Any CPU
	EndGlobalSection
	GlobalSection(SolutionProperties) = preSolution
		HideSolutionNode = FALSE
	EndGlobalSection
	GlobalSection(ExtensibilityGlobals) = postSolution
		SolutionGuid = {8A437C18-9F27-49F2-868E-2D8BBFB684DC}
	EndGlobalSection
EndGlobal
